{
  "requires": true,
  "lockfileVersion": 1,
  "dependencies": {
    "@element-plus/icons-vue": {
      "version": "0.2.6",
      "resolved": "https://registry.npmmirror.com/@element-plus/icons-vue/download/@element-plus/icons-vue-0.2.6.tgz",
      "integrity": "sha512-2gg7VCq4d2firgl7/aVym4Cx/wqKFwKybEQGJiiWJN4urW36+QdAEG1knqSD9qidbjhVp0Jnc9XdSTR1/4Whzw=="
    }
  }
}
