{
  "requires": true,
  "lockfileVersion": 1,
  "dependencies": {
    "@element-plus/icons-vue": {
      "version": "0.2.6",
      "resolved": "https://registry.npmmirror.com/@element-plus/icons-vue/download/@element-plus/icons-vue-0.2.6.tgz",
      "integrity": "sha512-2gg7VCq4d2firgl7/aVym4Cx/wqKFwKybEQGJiiWJN4urW36+QdAEG1knqSD9qidbjhVp0Jnc9XdSTR1/4Whzw=="
    },
    "particles.js": {
      "version": "2.0.0",
      "resolved": "https://registry.npmmirror.com/particles.js/-/particles.js-2.0.0.tgz",
      "integrity": "sha512-8e0JIqkRbMMPlFBnF9f+92hX1s07jdkd3tqB8uHE9L+cwGGjIYjQM7QLgt0FQ5MZp6SFFYYDm/Y48pqK3ZvJOQ=="
    },
    "vue": {
      "version": "2.6.14",
      "resolved": "https://registry.npmmirror.com/vue/-/vue-2.6.14.tgz",
      "integrity": "sha512-x2284lgYvjOMj3Za7kqzRcUSxBboHqtgRE2zlos1qWaOye5yUmHn42LB1250NJBLRwEcdrB0JRwyPTEPhfQjiQ=="
    },
    "vue-particles": {
      "version": "1.0.9",
      "resolved": "https://registry.npmmirror.com/vue-particles/-/vue-particles-1.0.9.tgz",
      "integrity": "sha512-9MUkX6Sq1x7guUHoN4Br4Dwtb+gY1t+uJMg0wxJtKKOURe/zS+8PsKwMhspCfl4ch3EM5nrwhASVX2UizKb41w==",
      "dev": true,
      "requires": {
        "particles.js": "^2.0.0",
        "vue": "^2.2.6"
      }
    }
  }
}
